
Microsoft Visual Studio Solution File, Format Version 12.00
# Visual Studio Version 16
VisualStudioVersion = 16.0.30104.148
MinimumVisualStudioVersion = 10.0.40219.1
Project("{FAE04EC0-301F-11D3-BF4B-00C04F79EFBC}") = "Blob", "..\BlobDemo\BlobDemo\Blob.csproj", "{F86773D7-802D-467E-A04C-D937CDF0DB6F}"
EndProject
Project("{FAE04EC0-301F-11D3-BF4B-00C04F79EFBC}") = "Tbl", "..\BlobDemo\Tblstorage\Tbl.csproj", "{7D92D6E7-2100-4303-A09D-9BC56247F679}"
EndProject
Project("{FAE04EC0-301F-11D3-BF4B-00C04F79EFBC}") = "Queuestorage", "..\Queuestorage\Queuestorage\Queuestorage.csproj", "{D71894D7-F83D-4EA4-A215-94A2F9A50250}"
EndProject
Global
	GlobalSection(SolutionConfigurationPlatforms) = preSolution
		Debug|Any CPU = Debug|Any CPU
		Release|Any CPU = Release|Any CPU
	EndGlobalSection
	GlobalSection(ProjectConfigurationPlatforms) = postSolution
		{F86773D7-802D-467E-A04C-D937CDF0DB6F}.Debug|Any CPU.ActiveCfg = Debug|Any CPU
		{F86773D7-802D-467E-A04C-D937CDF0DB6F}.Debug|Any CPU.Build.0 = Debug|Any CPU
		{F86773D7-802D-467E-A04C-D937CDF0DB6F}.Release|Any CPU.ActiveCfg = Release|Any CPU
		{F86773D7-802D-467E-A04C-D937CDF0DB6F}.Release|Any CPU.Build.0 = Release|Any CPU
		{7D92D6E7-2100-4303-A09D-9BC56247F679}.Debug|Any CPU.ActiveCfg = Debug|Any CPU
		{7D92D6E7-2100-4303-A09D-9BC56247F679}.Debug|Any CPU.Build.0 = Debug|Any CPU
		{7D92D6E7-2100-4303-A09D-9BC56247F679}.Release|Any CPU.ActiveCfg = Release|Any CPU
		{7D92D6E7-2100-4303-A09D-9BC56247F679}.Release|Any CPU.Build.0 = Release|Any CPU
		{D71894D7-F83D-4EA4-A215-94A2F9A50250}.Debug|Any CPU.ActiveCfg = Debug|Any CPU
		{D71894D7-F83D-4EA4-A215-94A2F9A50250}.Debug|Any CPU.Build.0 = Debug|Any CPU
		{D71894D7-F83D-4EA4-A215-94A2F9A50250}.Release|Any CPU.ActiveCfg = Release|Any CPU
		{D71894D7-F83D-4EA4-A215-94A2F9A50250}.Release|Any CPU.Build.0 = Release|Any CPU
	EndGlobalSection
	GlobalSection(SolutionProperties) = preSolution
		HideSolutionNode = FALSE
	EndGlobalSection
	GlobalSection(ExtensibilityGlobals) = postSolution
		SolutionGuid = {217D1B03-FD9B-4963-A987-1E59021992A4}
	EndGlobalSection
EndGlobal
